
Microsoft Visual Studio Solution File, Format Version 12.00
# Visual Studio Version 16
VisualStudioVersion = 16.0.31205.134
MinimumVisualStudioVersion = 10.0.40219.1
Project("{8BC9CEB8-8B4A-11D0-8D11-00A0C91BC942}") = "ITMO.C++.Control_Lab03.1", "ITMO.C++.Control_Lab03.1\ITMO.C++.Control_Lab03.1.vcxproj", "{0A761F2D-4543-48F2-8D6E-B53596B0B849}"
EndProject
Project("{8BC9CEB8-8B4A-11D0-8D11-00A0C91BC942}") = "ITMO.C++.Control_Lab03.2", "ITMO.C++.Control_Lab03.2\ITMO.C++.Control_Lab03.2.vcxproj", "{F8FB4788-B56C-4BA3-A7FD-E75A3B69AA66}"
EndProject
Project("{8BC9CEB8-8B4A-11D0-8D11-00A0C91BC942}") = "ITMO.C++.Control_Lab03.3", "ITMO.C++.Control_Lab03.3\ITMO.C++.Control_Lab03.3.vcxproj", "{E63171EB-5028-4C2F-BB84-52E400108500}"
EndProject
Project("{8BC9CEB8-8B4A-11D0-8D11-00A0C91BC942}") = "ITMO.C++.Control_Lab03.4", "ITMO.C++.Control_Lab03.4\ITMO.C++.Control_Lab03.4.vcxproj", "{E62E57A5-0FD4-417F-8B3E-ADE4A763F803}"
EndProject
Project("{8BC9CEB8-8B4A-11D0-8D11-00A0C91BC942}") = "ITMO.C++.Control_Lab03.5", "ITMO.C++.Control_Lab03.5\ITMO.C++.Control_Lab03.5.vcxproj", "{D5331128-00B0-4127-A3F6-B752FFFA7330}"
EndProject
Global
	GlobalSection(SolutionConfigurationPlatforms) = preSolution
		Debug|x64 = Debug|x64
		Debug|x86 = Debug|x86
		Release|x64 = Release|x64
		Release|x86 = Release|x86
	EndGlobalSection
	GlobalSection(ProjectConfigurationPlatforms) = postSolution
		{0A761F2D-4543-48F2-8D6E-B53596B0B849}.Debug|x64.ActiveCfg = Debug|x64
		{0A761F2D-4543-48F2-8D6E-B53596B0B849}.Debug|x64.Build.0 = Debug|x64
		{0A761F2D-4543-48F2-8D6E-B53596B0B849}.Debug|x86.ActiveCfg = Debug|Win32
		{0A761F2D-4543-48F2-8D6E-B53596B0B849}.Debug|x86.Build.0 = Debug|Win32
		{0A761F2D-4543-48F2-8D6E-B53596B0B849}.Release|x64.ActiveCfg = Release|x64
		{0A761F2D-4543-48F2-8D6E-B53596B0B849}.Release|x64.Build.0 = Release|x64
		{0A761F2D-4543-48F2-8D6E-B53596B0B849}.Release|x86.ActiveCfg = Release|Win32
		{0A761F2D-4543-48F2-8D6E-B53596B0B849}.Release|x86.Build.0 = Release|Win32
		{F8FB4788-B56C-4BA3-A7FD-E75A3B69AA66}.Debug|x64.ActiveCfg = Debug|x64
		{F8FB4788-B56C-4BA3-A7FD-E75A3B69AA66}.Debug|x64.Build.0 = Debug|x64
		{F8FB4788-B56C-4BA3-A7FD-E75A3B69AA66}.Debug|x86.ActiveCfg = Debug|Win32
		{F8FB4788-B56C-4BA3-A7FD-E75A3B69AA66}.Debug|x86.Build.0 = Debug|Win32
		{F8FB4788-B56C-4BA3-A7FD-E75A3B69AA66}.Release|x64.ActiveCfg = Release|x64
		{F8FB4788-B56C-4BA3-A7FD-E75A3B69AA66}.Release|x64.Build.0 = Release|x64
		{F8FB4788-B56C-4BA3-A7FD-E75A3B69AA66}.Release|x86.ActiveCfg = Release|Win32
		{F8FB4788-B56C-4BA3-A7FD-E75A3B69AA66}.Release|x86.Build.0 = Release|Win32
		{E63171EB-5028-4C2F-BB84-52E400108500}.Debug|x64.ActiveCfg = Debug|x64
		{E63171EB-5028-4C2F-BB84-52E400108500}.Debug|x64.Build.0 = Debug|x64
		{E63171EB-5028-4C2F-BB84-52E400108500}.Debug|x86.ActiveCfg = Debug|Win32
		{E63171EB-5028-4C2F-BB84-52E400108500}.Debug|x86.Build.0 = Debug|Win32
		{E63171EB-5028-4C2F-BB84-52E400108500}.Release|x64.ActiveCfg = Release|x64
		{E63171EB-5028-4C2F-BB84-52E400108500}.Release|x64.Build.0 = Release|x64
		{E63171EB-5028-4C2F-BB84-52E400108500}.Release|x86.ActiveCfg = Release|Win32
		{E63171EB-5028-4C2F-BB84-52E400108500}.Release|x86.Build.0 = Release|Win32
		{E62E57A5-0FD4-417F-8B3E-ADE4A763F803}.Debug|x64.ActiveCfg = Debug|x64
		{E62E57A5-0FD4-417F-8B3E-ADE4A763F803}.Debug|x64.Build.0 = Debug|x64
		{E62E57A5-0FD4-417F-8B3E-ADE4A763F803}.Debug|x86.ActiveCfg = Debug|Win32
		{E62E57A5-0FD4-417F-8B3E-ADE4A763F803}.Debug|x86.Build.0 = Debug|Win32
		{E62E57A5-0FD4-417F-8B3E-ADE4A763F803}.Release|x64.ActiveCfg = Release|x64
		{E62E57A5-0FD4-417F-8B3E-ADE4A763F803}.Release|x64.Build.0 = Release|x64
		{E62E57A5-0FD4-417F-8B3E-ADE4A763F803}.Release|x86.ActiveCfg = Release|Win32
		{E62E57A5-0FD4-417F-8B3E-ADE4A763F803}.Release|x86.Build.0 = Release|Win32
		{D5331128-00B0-4127-A3F6-B752FFFA7330}.Debug|x64.ActiveCfg = Debug|x64
		{D5331128-00B0-4127-A3F6-B752FFFA7330}.Debug|x64.Build.0 = Debug|x64
		{D5331128-00B0-4127-A3F6-B752FFFA7330}.Debug|x86.ActiveCfg = Debug|Win32
		{D5331128-00B0-4127-A3F6-B752FFFA7330}.Debug|x86.Build.0 = Debug|Win32
		{D5331128-00B0-4127-A3F6-B752FFFA7330}.Release|x64.ActiveCfg = Release|x64
		{D5331128-00B0-4127-A3F6-B752FFFA7330}.Release|x64.Build.0 = Release|x64
		{D5331128-00B0-4127-A3F6-B752FFFA7330}.Release|x86.ActiveCfg = Release|Win32
		{D5331128-00B0-4127-A3F6-B752FFFA7330}.Release|x86.Build.0 = Release|Win32
	EndGlobalSection
	GlobalSection(SolutionProperties) = preSolution
		HideSolutionNode = FALSE
	EndGlobalSection
	GlobalSection(ExtensibilityGlobals) = postSolution
		SolutionGuid = {51230B33-80D3-475E-B83C-CBF6CD06C870}
	EndGlobalSection
EndGlobal
