
Microsoft Visual Studio Solution File, Format Version 12.00
# Visual Studio Version 16
VisualStudioVersion = 16.0.31205.134
MinimumVisualStudioVersion = 10.0.40219.1
Project("{8BC9CEB8-8B4A-11D0-8D11-00A0C91BC942}") = "ITMO.C++.Control_Lab04.1", "ITMO.C++.Control_Lab04.1\ITMO.C++.Control_Lab04.1.vcxproj", "{AD5C485E-4DEE-404F-BC11-890D61DCA5E2}"
EndProject
Project("{8BC9CEB8-8B4A-11D0-8D11-00A0C91BC942}") = "ITMO.C++.Control_Lab04.2", "ITMO.C++.Control_Lab04.2\ITMO.C++.Control_Lab04.2.vcxproj", "{A4D5B45E-1EAE-4B51-ADF0-A864D3997FCB}"
EndProject
Global
	GlobalSection(SolutionConfigurationPlatforms) = preSolution
		Debug|x64 = Debug|x64
		Debug|x86 = Debug|x86
		Release|x64 = Release|x64
		Release|x86 = Release|x86
	EndGlobalSection
	GlobalSection(ProjectConfigurationPlatforms) = postSolution
		{AD5C485E-4DEE-404F-BC11-890D61DCA5E2}.Debug|x64.ActiveCfg = Debug|x64
		{AD5C485E-4DEE-404F-BC11-890D61DCA5E2}.Debug|x64.Build.0 = Debug|x64
		{AD5C485E-4DEE-404F-BC11-890D61DCA5E2}.Debug|x86.ActiveCfg = Debug|Win32
		{AD5C485E-4DEE-404F-BC11-890D61DCA5E2}.Debug|x86.Build.0 = Debug|Win32
		{AD5C485E-4DEE-404F-BC11-890D61DCA5E2}.Release|x64.ActiveCfg = Release|x64
		{AD5C485E-4DEE-404F-BC11-890D61DCA5E2}.Release|x64.Build.0 = Release|x64
		{AD5C485E-4DEE-404F-BC11-890D61DCA5E2}.Release|x86.ActiveCfg = Release|Win32
		{AD5C485E-4DEE-404F-BC11-890D61DCA5E2}.Release|x86.Build.0 = Release|Win32
		{A4D5B45E-1EAE-4B51-ADF0-A864D3997FCB}.Debug|x64.ActiveCfg = Debug|x64
		{A4D5B45E-1EAE-4B51-ADF0-A864D3997FCB}.Debug|x64.Build.0 = Debug|x64
		{A4D5B45E-1EAE-4B51-ADF0-A864D3997FCB}.Debug|x86.ActiveCfg = Debug|Win32
		{A4D5B45E-1EAE-4B51-ADF0-A864D3997FCB}.Debug|x86.Build.0 = Debug|Win32
		{A4D5B45E-1EAE-4B51-ADF0-A864D3997FCB}.Release|x64.ActiveCfg = Release|x64
		{A4D5B45E-1EAE-4B51-ADF0-A864D3997FCB}.Release|x64.Build.0 = Release|x64
		{A4D5B45E-1EAE-4B51-ADF0-A864D3997FCB}.Release|x86.ActiveCfg = Release|Win32
		{A4D5B45E-1EAE-4B51-ADF0-A864D3997FCB}.Release|x86.Build.0 = Release|Win32
	EndGlobalSection
	GlobalSection(SolutionProperties) = preSolution
		HideSolutionNode = FALSE
	EndGlobalSection
	GlobalSection(ExtensibilityGlobals) = postSolution
		SolutionGuid = {DB56DFA8-446F-4FE3-BCD0-42992F6DF5B0}
	EndGlobalSection
EndGlobal
